Microsoft Visual Studio Solution File, Format Version 12.00
# Visual Studio Version 17
VisualStudioVersion = 17.5.2.0
MinimumVisualStudioVersion = 10.0.40219.1
Project("{FAE04EC0-301F-11D3-BF4B-00C04F79EFBC}") = "ParseSender", "ParseSender\ParseSender.csproj", "{ED933CC0-2024-7E67-CEE2-99CEDD8DEEEF}"
EndProject
Global
	GlobalSection(SolutionConfigurationPlatforms) = preSolution
		Debug|Any CPU = Debug|Any CPU
		Release|Any CPU = Release|Any CPU
	EndGlobalSection
	GlobalSection(ProjectConfigurationPlatforms) = postSolution
		{ED933CC0-2024-7E67-CEE2-99CEDD8DEEEF}.Debug|Any CPU.ActiveCfg = Debug|Any CPU
		{ED933CC0-2024-7E67-CEE2-99CEDD8DEEEF}.Debug|Any CPU.Build.0 = Debug|Any CPU
		{ED933CC0-2024-7E67-CEE2-99CEDD8DEEEF}.Release|Any CPU.ActiveCfg = Release|Any CPU
		{ED933CC0-2024-7E67-CEE2-99CEDD8DEEEF}.Release|Any CPU.Build.0 = Release|Any CPU
	EndGlobalSection
	GlobalSection(SolutionProperties) = preSolution
		HideSolutionNode = FALSE
	EndGlobalSection
	GlobalSection(ExtensibilityGlobals) = postSolution
		SolutionGuid = {983967F2-91C9-41EC-B2D6-240526DD0AC9}
	EndGlobalSection
EndGlobal
